{
  "name": "perhelp",
  "version": "1.0.0",
  "lockfileVersion": 1,
  "requires": true,
  "dependencies": {
    "vue-js-modal": {
      "version": "1.3.12",
      "resolved": "http://registry.npm.taobao.org/vue-js-modal/download/vue-js-modal-1.3.12.tgz",
      "integrity": "sha1-LgoxwxrxoGbdGLu+dHN/McV/LWg="
    },
    "vue-viewload": {
      "version": "1.0.15",
      "resolved": "http://registry.npm.taobao.org/vue-viewload/download/vue-viewload-1.0.15.tgz",
      "integrity": "sha1-gQHL9IFTdpSUJtCFRaRP9xOnUHw="
    }
  }
}
